
Microsoft Visual Studio Solution File, Format Version 11.00
# Visual Studio 2010
Project("{8BC9CEB8-8B4A-11D0-8D11-00A0C91BC942}") = "Math", "Math\Math.vcxproj", "{281826D5-5CA4-44A9-B786-863E465FFC84}"
EndProject
Project("{8BC9CEB8-8B4A-11D0-8D11-00A0C91BC942}") = "Renderer", "Renderer\Renderer.vcxproj", "{A70C1B89-519B-4DF8-98ED-81723DBA2E9A}"
	ProjectSection(ProjectDependencies) = postProject
		{281826D5-5CA4-44A9-B786-863E465FFC84} = {281826D5-5CA4-44A9-B786-863E465FFC84}
	EndProjectSection
EndProject
Project("{8BC9CEB8-8B4A-11D0-8D11-00A0C91BC942}") = "Viewer", "Viewer\Viewer.vcxproj", "{B39ECDD0-840F-4ADA-8B1E-EC528995D4BB}"
	ProjectSection(ProjectDependencies) = postProject
		{A70C1B89-519B-4DF8-98ED-81723DBA2E9A} = {A70C1B89-519B-4DF8-98ED-81723DBA2E9A}
		{281826D5-5CA4-44A9-B786-863E465FFC84} = {281826D5-5CA4-44A9-B786-863E465FFC84}
	EndProjectSection
EndProject
Project("{2150E333-8FDC-42A3-9474-1A3956D46DE8}") = "Solution Items", "Solution Items", "{9C16CB0B-2EA5-4D7E-B841-7E74C0B97BF3}"
	ProjectSection(SolutionItems) = preProject
		Performance1.psess = Performance1.psess
	EndProjectSection
EndProject
Global
	GlobalSection(SolutionConfigurationPlatforms) = preSolution
		Debug|Win32 = Debug|Win32
		Release|Win32 = Release|Win32
	EndGlobalSection
	GlobalSection(ProjectConfigurationPlatforms) = postSolution
		{281826D5-5CA4-44A9-B786-863E465FFC84}.Debug|Win32.ActiveCfg = Debug|Win32
		{281826D5-5CA4-44A9-B786-863E465FFC84}.Debug|Win32.Build.0 = Debug|Win32
		{281826D5-5CA4-44A9-B786-863E465FFC84}.Release|Win32.ActiveCfg = Release|Win32
		{281826D5-5CA4-44A9-B786-863E465FFC84}.Release|Win32.Build.0 = Release|Win32
		{A70C1B89-519B-4DF8-98ED-81723DBA2E9A}.Debug|Win32.ActiveCfg = Debug|Win32
		{A70C1B89-519B-4DF8-98ED-81723DBA2E9A}.Debug|Win32.Build.0 = Debug|Win32
		{A70C1B89-519B-4DF8-98ED-81723DBA2E9A}.Release|Win32.ActiveCfg = Release|Win32
		{A70C1B89-519B-4DF8-98ED-81723DBA2E9A}.Release|Win32.Build.0 = Release|Win32
		{B39ECDD0-840F-4ADA-8B1E-EC528995D4BB}.Debug|Win32.ActiveCfg = Debug|Win32
		{B39ECDD0-840F-4ADA-8B1E-EC528995D4BB}.Debug|Win32.Build.0 = Debug|Win32
		{B39ECDD0-840F-4ADA-8B1E-EC528995D4BB}.Release|Win32.ActiveCfg = Release|Win32
		{B39ECDD0-840F-4ADA-8B1E-EC528995D4BB}.Release|Win32.Build.0 = Release|Win32
	EndGlobalSection
	GlobalSection(SolutionProperties) = preSolution
		HideSolutionNode = FALSE
	EndGlobalSection
EndGlobal
